
Microsoft Visual Studio Solution File, Format Version 12.00
# Visual Studio Version 16
VisualStudioVersion = 16.0.29326.143
MinimumVisualStudioVersion = 10.0.40219.1
Project("{9A19103F-16F7-4668-BE54-9A1E7A4F7556}") = "BlazorApp2", "BlazorApp2\BlazorApp2.csproj", "{F1A2AF74-C5AE-42F1-AEEE-5C3D0703EAA2}"
EndProject
Project("{9A19103F-16F7-4668-BE54-9A1E7A4F7556}") = "BlazorApp1.Server", "BlazorApp1.Server\BlazorApp1.Server.csproj", "{EE306493-B377-4E14-9E56-EF0BF6290C8F}"
EndProject
Project("{9A19103F-16F7-4668-BE54-9A1E7A4F7556}") = "BlazorApp.Shared", "BlazorApp.Shared\BlazorApp.Shared.csproj", "{12F0A467-5CEE-4FEA-A519-25E444C0AB48}"
EndProject
Global
	GlobalSection(SolutionConfigurationPlatforms) = preSolution
		Debug|Any CPU = Debug|Any CPU
		Release|Any CPU = Release|Any CPU
	EndGlobalSection
	GlobalSection(ProjectConfigurationPlatforms) = postSolution
		{F1A2AF74-C5AE-42F1-AEEE-5C3D0703EAA2}.Debug|Any CPU.ActiveCfg = Debug|Any CPU
		{F1A2AF74-C5AE-42F1-AEEE-5C3D0703EAA2}.Debug|Any CPU.Build.0 = Debug|Any CPU
		{F1A2AF74-C5AE-42F1-AEEE-5C3D0703EAA2}.Release|Any CPU.ActiveCfg = Release|Any CPU
		{F1A2AF74-C5AE-42F1-AEEE-5C3D0703EAA2}.Release|Any CPU.Build.0 = Release|Any CPU
		{EE306493-B377-4E14-9E56-EF0BF6290C8F}.Debug|Any CPU.ActiveCfg = Debug|Any CPU
		{EE306493-B377-4E14-9E56-EF0BF6290C8F}.Debug|Any CPU.Build.0 = Debug|Any CPU
		{EE306493-B377-4E14-9E56-EF0BF6290C8F}.Release|Any CPU.ActiveCfg = Release|Any CPU
		{EE306493-B377-4E14-9E56-EF0BF6290C8F}.Release|Any CPU.Build.0 = Release|Any CPU
		{12F0A467-5CEE-4FEA-A519-25E444C0AB48}.Debug|Any CPU.ActiveCfg = Debug|Any CPU
		{12F0A467-5CEE-4FEA-A519-25E444C0AB48}.Debug|Any CPU.Build.0 = Debug|Any CPU
		{12F0A467-5CEE-4FEA-A519-25E444C0AB48}.Release|Any CPU.ActiveCfg = Release|Any CPU
		{12F0A467-5CEE-4FEA-A519-25E444C0AB48}.Release|Any CPU.Build.0 = Release|Any CPU
	EndGlobalSection
	GlobalSection(SolutionProperties) = preSolution
		HideSolutionNode = FALSE
	EndGlobalSection
	GlobalSection(ExtensibilityGlobals) = postSolution
		SolutionGuid = {3ED711CF-5BD5-48F3-ABD1-8A2ED6EA3AAD}
	EndGlobalSection
EndGlobal
